
Microsoft Visual Studio Solution File, Format Version 12.00
# Visual Studio Version 17
VisualStudioVersion = 17.10.34928.147
MinimumVisualStudioVersion = 10.0.40219.1
Project("{FAE04EC0-301F-11D3-BF4B-00C04F79EFBC}") = "Lab11", "Lab11\Lab11.csproj", "{50F7987B-51D6-47BF-A0C0-3CCF6EED52BB}"
EndProject
Global
	GlobalSection(SolutionConfigurationPlatforms) = preSolution
		Debug|Any CPU = Debug|Any CPU
		Release|Any CPU = Release|Any CPU
	EndGlobalSection
	GlobalSection(ProjectConfigurationPlatforms) = postSolution
		{50F7987B-51D6-47BF-A0C0-3CCF6EED52BB}.Debug|Any CPU.ActiveCfg = Debug|Any CPU
		{50F7987B-51D6-47BF-A0C0-3CCF6EED52BB}.Debug|Any CPU.Build.0 = Debug|Any CPU
		{50F7987B-51D6-47BF-A0C0-3CCF6EED52BB}.Release|Any CPU.ActiveCfg = Release|Any CPU
		{50F7987B-51D6-47BF-A0C0-3CCF6EED52BB}.Release|Any CPU.Build.0 = Release|Any CPU
	EndGlobalSection
	GlobalSection(SolutionProperties) = preSolution
		HideSolutionNode = FALSE
	EndGlobalSection
	GlobalSection(ExtensibilityGlobals) = postSolution
		SolutionGuid = {D9FE2D51-4414-4213-AC98-C47B1932DAFB}
	EndGlobalSection
EndGlobal
